
Microsoft Visual Studio Solution File, Format Version 12.00
Project("{FAE04EC0-301F-11D3-BF4B-00C04F79EFBC}") = "BookService", "BookService\BookService.csproj", "{316CF2D5-75E6-4220-B918-FA076B142B9C}"
EndProject
Project("{FAE04EC0-301F-11D3-BF4B-00C04F79EFBC}") = "OrderService", "OrderService\OrderService.csproj", "{9DB4FA92-75D9-4E9C-AAE9-AC46EB07536A}"
EndProject
Project("{FAE04EC0-301F-11D3-BF4B-00C04F79EFBC}") = "BookService", "BookService1\BookService.csproj", "{8E3B9354-A651-4394-B67C-A9F0DB87D4C0}"
EndProject
Project("{FAE04EC0-301F-11D3-BF4B-00C04F79EFBC}") = "OrderService", "OrderService1\OrderService.csproj", "{91F291C7-E1EA-4935-8DA0-6CE873935263}"
EndProject
Project("{FAE04EC0-301F-11D3-BF4B-00C04F79EFBC}") = "BookService.Tests", "BookService.Tests\BookService.Tests.csproj", "{51A6B7BE-7C29-4479-9CA6-C6FCD581761B}"
EndProject
Global
	GlobalSection(SolutionConfigurationPlatforms) = preSolution
		Debug|Any CPU = Debug|Any CPU
		Release|Any CPU = Release|Any CPU
	EndGlobalSection
	GlobalSection(ProjectConfigurationPlatforms) = postSolution
		{316CF2D5-75E6-4220-B918-FA076B142B9C}.Debug|Any CPU.ActiveCfg = Debug|Any CPU
		{316CF2D5-75E6-4220-B918-FA076B142B9C}.Debug|Any CPU.Build.0 = Debug|Any CPU
		{316CF2D5-75E6-4220-B918-FA076B142B9C}.Release|Any CPU.ActiveCfg = Release|Any CPU
		{316CF2D5-75E6-4220-B918-FA076B142B9C}.Release|Any CPU.Build.0 = Release|Any CPU
		{9DB4FA92-75D9-4E9C-AAE9-AC46EB07536A}.Debug|Any CPU.ActiveCfg = Debug|Any CPU
		{9DB4FA92-75D9-4E9C-AAE9-AC46EB07536A}.Debug|Any CPU.Build.0 = Debug|Any CPU
		{9DB4FA92-75D9-4E9C-AAE9-AC46EB07536A}.Release|Any CPU.ActiveCfg = Release|Any CPU
		{9DB4FA92-75D9-4E9C-AAE9-AC46EB07536A}.Release|Any CPU.Build.0 = Release|Any CPU
		{8E3B9354-A651-4394-B67C-A9F0DB87D4C0}.Debug|Any CPU.ActiveCfg = Debug|Any CPU
		{8E3B9354-A651-4394-B67C-A9F0DB87D4C0}.Debug|Any CPU.Build.0 = Debug|Any CPU
		{8E3B9354-A651-4394-B67C-A9F0DB87D4C0}.Release|Any CPU.ActiveCfg = Release|Any CPU
		{8E3B9354-A651-4394-B67C-A9F0DB87D4C0}.Release|Any CPU.Build.0 = Release|Any CPU
		{91F291C7-E1EA-4935-8DA0-6CE873935263}.Debug|Any CPU.ActiveCfg = Debug|Any CPU
		{91F291C7-E1EA-4935-8DA0-6CE873935263}.Debug|Any CPU.Build.0 = Debug|Any CPU
		{91F291C7-E1EA-4935-8DA0-6CE873935263}.Release|Any CPU.ActiveCfg = Release|Any CPU
		{91F291C7-E1EA-4935-8DA0-6CE873935263}.Release|Any CPU.Build.0 = Release|Any CPU
		{51A6B7BE-7C29-4479-9CA6-C6FCD581761B}.Debug|Any CPU.ActiveCfg = Debug|Any CPU
		{51A6B7BE-7C29-4479-9CA6-C6FCD581761B}.Debug|Any CPU.Build.0 = Debug|Any CPU
		{51A6B7BE-7C29-4479-9CA6-C6FCD581761B}.Release|Any CPU.ActiveCfg = Release|Any CPU
		{51A6B7BE-7C29-4479-9CA6-C6FCD581761B}.Release|Any CPU.Build.0 = Release|Any CPU
	EndGlobalSection
EndGlobal
